
Microsoft Visual Studio Solution File, Format Version 12.00
# Visual Studio Version 17
VisualStudioVersion = 17.3.32901.215
MinimumVisualStudioVersion = 10.0.40219.1
Project("{FAE04EC0-301F-11D3-BF4B-00C04F79EFBC}") = "assignment4.2", "assignment4.2.csproj", "{C1204B4E-423A-4DB5-A324-5389EBD3102B}"
EndProject
Global
	GlobalSection(SolutionConfigurationPlatforms) = preSolution
		Debug|Any CPU = Debug|Any CPU
		Release|Any CPU = Release|Any CPU
	EndGlobalSection
	GlobalSection(ProjectConfigurationPlatforms) = postSolution
		{C1204B4E-423A-4DB5-A324-5389EBD3102B}.Debug|Any CPU.ActiveCfg = Debug|Any CPU
		{C1204B4E-423A-4DB5-A324-5389EBD3102B}.Debug|Any CPU.Build.0 = Debug|Any CPU
		{C1204B4E-423A-4DB5-A324-5389EBD3102B}.Release|Any CPU.ActiveCfg = Release|Any CPU
		{C1204B4E-423A-4DB5-A324-5389EBD3102B}.Release|Any CPU.Build.0 = Release|Any CPU
	EndGlobalSection
	GlobalSection(SolutionProperties) = preSolution
		HideSolutionNode = FALSE
	EndGlobalSection
	GlobalSection(ExtensibilityGlobals) = postSolution
		SolutionGuid = {464AF4BF-F0AD-49A8-910F-7F0938853650}
	EndGlobalSection
EndGlobal
