
Microsoft Visual Studio Solution File, Format Version 12.00
# Visual Studio Version 17
VisualStudioVersion = 17.3.32901.215
MinimumVisualStudioVersion = 10.0.40219.1
Project("{FAE04EC0-301F-11D3-BF4B-00C04F79EFBC}") = "assignment1.2", "assignment1.2.csproj", "{0D357C32-9952-4B93-95C4-6E265CE3EF03}"
EndProject
Global
	GlobalSection(SolutionConfigurationPlatforms) = preSolution
		Debug|Any CPU = Debug|Any CPU
		Release|Any CPU = Release|Any CPU
	EndGlobalSection
	GlobalSection(ProjectConfigurationPlatforms) = postSolution
		{0D357C32-9952-4B93-95C4-6E265CE3EF03}.Debug|Any CPU.ActiveCfg = Debug|Any CPU
		{0D357C32-9952-4B93-95C4-6E265CE3EF03}.Debug|Any CPU.Build.0 = Debug|Any CPU
		{0D357C32-9952-4B93-95C4-6E265CE3EF03}.Release|Any CPU.ActiveCfg = Release|Any CPU
		{0D357C32-9952-4B93-95C4-6E265CE3EF03}.Release|Any CPU.Build.0 = Release|Any CPU
	EndGlobalSection
	GlobalSection(SolutionProperties) = preSolution
		HideSolutionNode = FALSE
	EndGlobalSection
	GlobalSection(ExtensibilityGlobals) = postSolution
		SolutionGuid = {A208D504-8277-4E11-88A9-79170AEA39F5}
	EndGlobalSection
EndGlobal
